
Microsoft Visual Studio Solution File, Format Version 12.00
# Visual Studio Version 17
VisualStudioVersion = 17.0.31903.59
MinimumVisualStudioVersion = 10.0.40219.1
Project("{2150E333-8FDC-42A3-9474-1A3956D46DE8}") = "src", "src", "{E9919A4A-15AE-4D95-BBBD-B72AD266A4ED}"
EndProject
Project("{FAE04EC0-301F-11D3-BF4B-00C04F79EFBC}") = "Tf.Core", "src\Tf.Core\Tf.Core.csproj", "{1022AED7-2A08-4D23-A8A2-8EB0288BCC1A}"
EndProject
Project("{FAE04EC0-301F-11D3-BF4B-00C04F79EFBC}") = "Tf.Deriv", "src\Tf.Deriv\Tf.Deriv.csproj", "{700CE9DB-9BED-4B0E-8844-2382BB9E46F1}"
EndProject
Project("{FAE04EC0-301F-11D3-BF4B-00C04F79EFBC}") = "Tf.App", "src\Tf.App\Tf.App.csproj", "{0DCA2738-6FC6-489C-A0DA-3203F5B2D039}"
EndProject
Project("{2150E333-8FDC-42A3-9474-1A3956D46DE8}") = "tests", "tests", "{AB392CBC-869F-44F9-B0E5-3A1120E2645E}"
EndProject
Project("{FAE04EC0-301F-11D3-BF4B-00C04F79EFBC}") = "Tf.Core.Tests", "tests\Tf.Core.Tests\Tf.Core.Tests.csproj", "{BF686C7D-76C3-4708-B804-0D612A822994}"
EndProject
Global
	GlobalSection(SolutionConfigurationPlatforms) = preSolution
		Debug|Any CPU = Debug|Any CPU
		Release|Any CPU = Release|Any CPU
	EndGlobalSection
	GlobalSection(SolutionProperties) = preSolution
		HideSolutionNode = FALSE
	EndGlobalSection
	GlobalSection(ProjectConfigurationPlatforms) = postSolution
		{1022AED7-2A08-4D23-A8A2-8EB0288BCC1A}.Debug|Any CPU.ActiveCfg = Debug|Any CPU
		{1022AED7-2A08-4D23-A8A2-8EB0288BCC1A}.Debug|Any CPU.Build.0 = Debug|Any CPU
		{1022AED7-2A08-4D23-A8A2-8EB0288BCC1A}.Release|Any CPU.ActiveCfg = Release|Any CPU
		{1022AED7-2A08-4D23-A8A2-8EB0288BCC1A}.Release|Any CPU.Build.0 = Release|Any CPU
		{700CE9DB-9BED-4B0E-8844-2382BB9E46F1}.Debug|Any CPU.ActiveCfg = Debug|Any CPU
		{700CE9DB-9BED-4B0E-8844-2382BB9E46F1}.Debug|Any CPU.Build.0 = Debug|Any CPU
		{700CE9DB-9BED-4B0E-8844-2382BB9E46F1}.Release|Any CPU.ActiveCfg = Release|Any CPU
		{700CE9DB-9BED-4B0E-8844-2382BB9E46F1}.Release|Any CPU.Build.0 = Release|Any CPU
		{0DCA2738-6FC6-489C-A0DA-3203F5B2D039}.Debug|Any CPU.ActiveCfg = Debug|Any CPU
		{0DCA2738-6FC6-489C-A0DA-3203F5B2D039}.Debug|Any CPU.Build.0 = Debug|Any CPU
		{0DCA2738-6FC6-489C-A0DA-3203F5B2D039}.Release|Any CPU.ActiveCfg = Release|Any CPU
		{0DCA2738-6FC6-489C-A0DA-3203F5B2D039}.Release|Any CPU.Build.0 = Release|Any CPU
		{BF686C7D-76C3-4708-B804-0D612A822994}.Debug|Any CPU.ActiveCfg = Debug|Any CPU
		{BF686C7D-76C3-4708-B804-0D612A822994}.Debug|Any CPU.Build.0 = Debug|Any CPU
		{BF686C7D-76C3-4708-B804-0D612A822994}.Release|Any CPU.ActiveCfg = Release|Any CPU
		{BF686C7D-76C3-4708-B804-0D612A822994}.Release|Any CPU.Build.0 = Release|Any CPU
	EndGlobalSection
	GlobalSection(NestedProjects) = preSolution
		{1022AED7-2A08-4D23-A8A2-8EB0288BCC1A} = {E9919A4A-15AE-4D95-BBBD-B72AD266A4ED}
		{700CE9DB-9BED-4B0E-8844-2382BB9E46F1} = {E9919A4A-15AE-4D95-BBBD-B72AD266A4ED}
		{0DCA2738-6FC6-489C-A0DA-3203F5B2D039} = {E9919A4A-15AE-4D95-BBBD-B72AD266A4ED}
		{BF686C7D-76C3-4708-B804-0D612A822994} = {AB392CBC-869F-44F9-B0E5-3A1120E2645E}
	EndGlobalSection
EndGlobal
